
Microsoft Visual Studio Solution File, Format Version 12.00
# Visual Studio Version 17
VisualStudioVersion = 17.10.35013.160
MinimumVisualStudioVersion = 10.0.40219.1
Project("{FAE04EC0-301F-11D3-BF4B-00C04F79EFBC}") = "ExeptionHandling", "ExeptionHandling\ExeptionHandling.csproj", "{573C7ABA-AD9E-406D-B7FC-6C28846EEEF4}"
EndProject
Global
	GlobalSection(SolutionConfigurationPlatforms) = preSolution
		Debug|Any CPU = Debug|Any CPU
		Release|Any CPU = Release|Any CPU
	EndGlobalSection
	GlobalSection(ProjectConfigurationPlatforms) = postSolution
		{573C7ABA-AD9E-406D-B7FC-6C28846EEEF4}.Debug|Any CPU.ActiveCfg = Debug|Any CPU
		{573C7ABA-AD9E-406D-B7FC-6C28846EEEF4}.Debug|Any CPU.Build.0 = Debug|Any CPU
		{573C7ABA-AD9E-406D-B7FC-6C28846EEEF4}.Release|Any CPU.ActiveCfg = Release|Any CPU
		{573C7ABA-AD9E-406D-B7FC-6C28846EEEF4}.Release|Any CPU.Build.0 = Release|Any CPU
	EndGlobalSection
	GlobalSection(SolutionProperties) = preSolution
		HideSolutionNode = FALSE
	EndGlobalSection
	GlobalSection(ExtensibilityGlobals) = postSolution
		SolutionGuid = {E8326F8B-AB0B-4BFB-AC9E-3917856C70B2}
	EndGlobalSection
EndGlobal
