
Microsoft Visual Studio Solution File, Format Version 12.00
# Visual Studio Version 17
VisualStudioVersion = 17.10.35013.160
MinimumVisualStudioVersion = 10.0.40219.1
Project("{FAE04EC0-301F-11D3-BF4B-00C04F79EFBC}") = "Array", "Array\Array.csproj", "{367D38A6-AF1B-462C-A955-2FF886D13349}"
EndProject
Global
	GlobalSection(SolutionConfigurationPlatforms) = preSolution
		Debug|Any CPU = Debug|Any CPU
		Release|Any CPU = Release|Any CPU
	EndGlobalSection
	GlobalSection(ProjectConfigurationPlatforms) = postSolution
		{367D38A6-AF1B-462C-A955-2FF886D13349}.Debug|Any CPU.ActiveCfg = Debug|Any CPU
		{367D38A6-AF1B-462C-A955-2FF886D13349}.Debug|Any CPU.Build.0 = Debug|Any CPU
		{367D38A6-AF1B-462C-A955-2FF886D13349}.Release|Any CPU.ActiveCfg = Release|Any CPU
		{367D38A6-AF1B-462C-A955-2FF886D13349}.Release|Any CPU.Build.0 = Release|Any CPU
	EndGlobalSection
	GlobalSection(SolutionProperties) = preSolution
		HideSolutionNode = FALSE
	EndGlobalSection
	GlobalSection(ExtensibilityGlobals) = postSolution
		SolutionGuid = {D8ECA895-6D66-486F-8044-F0F138FE894E}
	EndGlobalSection
EndGlobal
