
Microsoft Visual Studio Solution File, Format Version 12.00
# Visual Studio Version 17
VisualStudioVersion = 17.10.35013.160
MinimumVisualStudioVersion = 10.0.40219.1
Project("{FAE04EC0-301F-11D3-BF4B-00C04F79EFBC}") = "Loops", "Loops\Loops.csproj", "{A7003C71-30C3-43D3-9496-8A80A33263EF}"
EndProject
Global
	GlobalSection(SolutionConfigurationPlatforms) = preSolution
		Debug|Any CPU = Debug|Any CPU
		Release|Any CPU = Release|Any CPU
	EndGlobalSection
	GlobalSection(ProjectConfigurationPlatforms) = postSolution
		{A7003C71-30C3-43D3-9496-8A80A33263EF}.Debug|Any CPU.ActiveCfg = Debug|Any CPU
		{A7003C71-30C3-43D3-9496-8A80A33263EF}.Debug|Any CPU.Build.0 = Debug|Any CPU
		{A7003C71-30C3-43D3-9496-8A80A33263EF}.Release|Any CPU.ActiveCfg = Release|Any CPU
		{A7003C71-30C3-43D3-9496-8A80A33263EF}.Release|Any CPU.Build.0 = Release|Any CPU
	EndGlobalSection
	GlobalSection(SolutionProperties) = preSolution
		HideSolutionNode = FALSE
	EndGlobalSection
	GlobalSection(ExtensibilityGlobals) = postSolution
		SolutionGuid = {DFD0F988-8436-49C7-89EB-B41938F6D496}
	EndGlobalSection
EndGlobal
