
Microsoft Visual Studio Solution File, Format Version 12.00
# Visual Studio Version 17
VisualStudioVersion = 17.10.35013.160
MinimumVisualStudioVersion = 10.0.40219.1
Project("{FAE04EC0-301F-11D3-BF4B-00C04F79EFBC}") = "CLASS SUBMISSION ASSIGNMENT", "CLASS SUBMISSION ASSIGNMENT\CLASS SUBMISSION ASSIGNMENT.csproj", "{DD6B6F06-F9D0-43E9-80B3-29C82477BCC9}"
EndProject
Global
	GlobalSection(SolutionConfigurationPlatforms) = preSolution
		Debug|Any CPU = Debug|Any CPU
		Release|Any CPU = Release|Any CPU
	EndGlobalSection
	GlobalSection(ProjectConfigurationPlatforms) = postSolution
		{DD6B6F06-F9D0-43E9-80B3-29C82477BCC9}.Debug|Any CPU.ActiveCfg = Debug|Any CPU
		{DD6B6F06-F9D0-43E9-80B3-29C82477BCC9}.Debug|Any CPU.Build.0 = Debug|Any CPU
		{DD6B6F06-F9D0-43E9-80B3-29C82477BCC9}.Release|Any CPU.ActiveCfg = Release|Any CPU
		{DD6B6F06-F9D0-43E9-80B3-29C82477BCC9}.Release|Any CPU.Build.0 = Release|Any CPU
	EndGlobalSection
	GlobalSection(SolutionProperties) = preSolution
		HideSolutionNode = FALSE
	EndGlobalSection
	GlobalSection(ExtensibilityGlobals) = postSolution
		SolutionGuid = {E780E477-0E10-4844-B271-4F0995474593}
	EndGlobalSection
EndGlobal
