
Microsoft Visual Studio Solution File, Format Version 12.00
# Visual Studio Version 17
VisualStudioVersion = 17.10.35013.160
MinimumVisualStudioVersion = 10.0.40219.1
Project("{FAE04EC0-301F-11D3-BF4B-00C04F79EFBC}") = "MainMethod", "MainMethod\MainMethod.csproj", "{B198BDBE-A519-44C6-A5E2-12C134ED702D}"
EndProject
Global
	GlobalSection(SolutionConfigurationPlatforms) = preSolution
		Debug|Any CPU = Debug|Any CPU
		Release|Any CPU = Release|Any CPU
	EndGlobalSection
	GlobalSection(ProjectConfigurationPlatforms) = postSolution
		{B198BDBE-A519-44C6-A5E2-12C134ED702D}.Debug|Any CPU.ActiveCfg = Debug|Any CPU
		{B198BDBE-A519-44C6-A5E2-12C134ED702D}.Debug|Any CPU.Build.0 = Debug|Any CPU
		{B198BDBE-A519-44C6-A5E2-12C134ED702D}.Release|Any CPU.ActiveCfg = Release|Any CPU
		{B198BDBE-A519-44C6-A5E2-12C134ED702D}.Release|Any CPU.Build.0 = Release|Any CPU
	EndGlobalSection
	GlobalSection(SolutionProperties) = preSolution
		HideSolutionNode = FALSE
	EndGlobalSection
	GlobalSection(ExtensibilityGlobals) = postSolution
		SolutionGuid = {679F0E97-BDA2-4E3F-92B4-3E8B075F2527}
	EndGlobalSection
EndGlobal
