
Microsoft Visual Studio Solution File, Format Version 12.00
# Visual Studio Version 17
VisualStudioVersion = 17.10.35201.131
MinimumVisualStudioVersion = 10.0.40219.1
Project("{FAE04EC0-301F-11D3-BF4B-00C04F79EFBC}") = "Coporation app", "Coporation app\Coporation app.csproj", "{6041CB6F-2C9B-45DA-B13D-9DEF3D5FEC2F}"
EndProject
Global
	GlobalSection(SolutionConfigurationPlatforms) = preSolution
		Debug|Any CPU = Debug|Any CPU
		Release|Any CPU = Release|Any CPU
	EndGlobalSection
	GlobalSection(ProjectConfigurationPlatforms) = postSolution
		{6041CB6F-2C9B-45DA-B13D-9DEF3D5FEC2F}.Debug|Any CPU.ActiveCfg = Debug|Any CPU
		{6041CB6F-2C9B-45DA-B13D-9DEF3D5FEC2F}.Debug|Any CPU.Build.0 = Debug|Any CPU
		{6041CB6F-2C9B-45DA-B13D-9DEF3D5FEC2F}.Release|Any CPU.ActiveCfg = Release|Any CPU
		{6041CB6F-2C9B-45DA-B13D-9DEF3D5FEC2F}.Release|Any CPU.Build.0 = Release|Any CPU
	EndGlobalSection
	GlobalSection(SolutionProperties) = preSolution
		HideSolutionNode = FALSE
	EndGlobalSection
	GlobalSection(ExtensibilityGlobals) = postSolution
		SolutionGuid = {47DF25B8-D999-4CCA-AEC0-0DF7A4D4BAEE}
	EndGlobalSection
EndGlobal
